// !$*UTF8*$!
{
	archiveVersion = 1;
	classes = {
	};
	objectVersion = 46;
	objects = {

/* Begin PBXBuildFile section */
		853222F21F70EAC0002B3CD5 /* main.m in Sources */ = {isa = PBXBuildFile; fileRef = 853222F11F70EAC0002B3CD5 /* main.m */; };
		853222F51F70EAC0002B3CD5 /* AppDelegate.m in Sources */ = {isa = PBXBuildFile; fileRef = 853222F41F70EAC0002B3CD5 /* AppDelegate.m */; };
		853222F81F70EAC0002B3CD5 /* ViewController.m in Sources */ = {isa = PBXBuildFile; fileRef = 853222F71F70EAC0002B3CD5 /* ViewController.m */; };
		853222FB1F70EAC0002B3CD5 /* Main.storyboard in Resources */ = {isa = PBXBuildFile; fileRef = 853222F91F70EAC0002B3CD5 /* Main.storyboard */; };
		853222FD1F70EAC0002B3CD5 /* Assets.xcassets in Resources */ = {isa = PBXBuildFile; fileRef = 853222FC1F70EAC0002B3CD5 /* Assets.xcassets */; };
		853223001F70EAC0002B3CD5 /* LaunchScreen.storyboard in Resources */ = {isa = PBXBuildFile; fileRef = 853222FE1F70EAC0002B3CD5 /* LaunchScreen.storyboard */; };
		8532230B1F70EAC0002B3CD5 /* BigKeeperMainTests.m in Sources */ = {isa = PBXBuildFile; fileRef = 8532230A1F70EAC0002B3CD5 /* BigKeeperMainTests.m */; };
		853223161F70EAC0002B3CD5 /* BigKeeperMainUITests.m in Sources */ = {isa = PBXBuildFile; fileRef = 853223151F70EAC0002B3CD5 /* BigKeeperMainUITests.m */; };
/* End PBXBuildFile section */

/* Begin PBXContainerItemProxy section */
		853223071F70EAC0002B3CD5 /* PBXContainerItemProxy */ = {
			isa = PBXContainerItemProxy;
			containerPortal = 853222E51F70EAC0002B3CD5 /* Project object */;
			proxyType = 1;
			remoteGlobalIDString = 853222EC1F70EAC0002B3CD5;
			remoteInfo = BigKeeperMain;
		};
		853223121F70EAC0002B3CD5 /* PBXContainerItemProxy */ = {
			isa = PBXContainerItemProxy;
			containerPortal = 853222E51F70EAC0002B3CD5 /* Project object */;
			proxyType = 1;
			remoteGlobalIDString = 853222EC1F70EAC0002B3CD5;
			remoteInfo = BigKeeperMain;
		};
/* End PBXContainerItemProxy section */

/* Begin PBXFileReference section */
		853222ED1F70EAC0002B3CD5 /* BigKeeperMain.app */ = {isa = PBXFileReference; explicitFileType = wrapper.application; includeInIndex = 0; path = BigKeeperMain.app; sourceTree = BUILT_PRODUCTS_DIR; };
		853222F11F70EAC0002B3CD5 /* main.m */ = {isa = PBXFileReference; lastKnownFileType = sourcecode.c.objc; path = main.m; sourceTree = "<group>"; };
		853222F31F70EAC0002B3CD5 /* AppDelegate.h */ = {isa = PBXFileReference; lastKnownFileType = sourcecode.c.h; path = AppDelegate.h; sourceTree = "<group>"; };
		853222F41F70EAC0002B3CD5 /* AppDelegate.m */ = {isa = PBXFileReference; lastKnownFileType = sourcecode.c.objc; path = AppDelegate.m; sourceTree = "<group>"; };
		853222F61F70EAC0002B3CD5 /* ViewController.h */ = {isa = PBXFileReference; lastKnownFileType = sourcecode.c.h; path = ViewController.h; sourceTree = "<group>"; };
		853222F71F70EAC0002B3CD5 /* ViewController.m */ = {isa = PBXFileReference; lastKnownFileType = sourcecode.c.objc; path = ViewController.m; sourceTree = "<group>"; };
		853222FA1F70EAC0002B3CD5 /* Base */ = {isa = PBXFileReference; lastKnownFileType = file.storyboard; name = Base; path = Base.lproj/Main.storyboard; sourceTree = "<group>"; };
		853222FC1F70EAC0002B3CD5 /* Assets.xcassets */ = {isa = PBXFileReference; lastKnownFileType = folder.assetcatalog; path = Assets.xcassets; sourceTree = "<group>"; };
		853222FF1F70EAC0002B3CD5 /* Base */ = {isa = PBXFileReference; lastKnownFileType = file.storyboard; name = Base; path = Base.lproj/LaunchScreen.storyboard; sourceTree = "<group>"; };
		853223011F70EAC0002B3CD5 /* Info.plist */ = {isa = PBXFileReference; lastKnownFileType = text.plist.xml; path = Info.plist; sourceTree = "<group>"; };
		853223061F70EAC0002B3CD5 /* BigKeeperMainTests.xctest */ = {isa = PBXFileReference; explicitFileType = wrapper.cfbundle; includeInIndex = 0; path = BigKeeperMainTests.xctest; sourceTree = BUILT_PRODUCTS_DIR; };
		8532230A1F70EAC0002B3CD5 /* BigKeeperMainTests.m */ = {isa = PBXFileReference; lastKnownFileType = sourcecode.c.objc; path = BigKeeperMainTests.m; sourceTree = "<group>"; };
		8532230C1F70EAC0002B3CD5 /* Info.plist */ = {isa = PBXFileReference; lastKnownFileType = text.plist.xml; path = Info.plist; sourceTree = "<group>"; };
		853223111F70EAC0002B3CD5 /* BigKeeperMainUITests.xctest */ = {isa = PBXFileReference; explicitFileType = wrapper.cfbundle; includeInIndex = 0; path = BigKeeperMainUITests.xctest; sourceTree = BUILT_PRODUCTS_DIR; };
		853223151F70EAC0002B3CD5 /* BigKeeperMainUITests.m */ = {isa = PBXFileReference; lastKnownFileType = sourcecode.c.objc; path = BigKeeperMainUITests.m; sourceTree = "<group>"; };
		853223171F70EAC0002B3CD5 /* Info.plist */ = {isa = PBXFileReference; lastKnownFileType = text.plist.xml; path = Info.plist; sourceTree = "<group>"; };
/* End PBXFileReference section */

/* Begin PBXFrameworksBuildPhase section */
		853222EA1F70EAC0002B3CD5 /* Frameworks */ = {
			isa = PBXFrameworksBuildPhase;
			buildActionMask = 2147483647;
			files = (
			);
			runOnlyForDeploymentPostprocessing = 0;
		};
		853223031F70EAC0002B3CD5 /* Frameworks */ = {
			isa = PBXFrameworksBuildPhase;
			buildActionMask = 2147483647;
			files = (
			);
			runOnlyForDeploymentPostprocessing = 0;
		};
		8532230E1F70EAC0002B3CD5 /* Frameworks */ = {
			isa = PBXFrameworksBuildPhase;
			buildActionMask = 2147483647;
			files = (
			);
			runOnlyForDeploymentPostprocessing = 0;
		};
/* End PBXFrameworksBuildPhase section */

/* Begin PBXGroup section */
		853222E41F70EAC0002B3CD5 = {
			isa = PBXGroup;
			children = (
				853222EF1F70EAC0002B3CD5 /* BigKeeperMain */,
				853223091F70EAC0002B3CD5 /* BigKeeperMainTests */,
				853223141F70EAC0002B3CD5 /* BigKeeperMainUITests */,
				853222EE1F70EAC0002B3CD5 /* Products */,
			);
			sourceTree = "<group>";
		};
		853222EE1F70EAC0002B3CD5 /* Products */ = {
			isa = PBXGroup;
			children = (
				853222ED1F70EAC0002B3CD5 /* BigKeeperMain.app */,
				853223061F70EAC0002B3CD5 /* BigKeeperMainTests.xctest */,
				853223111F70EAC0002B3CD5 /* BigKeeperMainUITests.xctest */,
			);
			name = Products;
			sourceTree = "<group>";
		};
		853222EF1F70EAC0002B3CD5 /* BigKeeperMain */ = {
			isa = PBXGroup;
			children = (
				853222F31F70EAC0002B3CD5 /* AppDelegate.h */,
				853222F41F70EAC0002B3CD5 /* AppDelegate.m */,
				853222F61F70EAC0002B3CD5 /* ViewController.h */,
				853222F71F70EAC0002B3CD5 /* ViewController.m */,
				853222F91F70EAC0002B3CD5 /* Main.storyboard */,
				853222FC1F70EAC0002B3CD5 /* Assets.xcassets */,
				853222FE1F70EAC0002B3CD5 /* LaunchScreen.storyboard */,
				853223011F70EAC0002B3CD5 /* Info.plist */,
				853222F01F70EAC0002B3CD5 /* Supporting Files */,
			);
			path = BigKeeperMain;
			sourceTree = "<group>";
		};
		853222F01F70EAC0002B3CD5 /* Supporting Files */ = {
			isa = PBXGroup;
			children = (
				853222F11F70EAC0002B3CD5 /* main.m */,
			);
			name = "Supporting Files";
			sourceTree = "<group>";
		};
		853223091F70EAC0002B3CD5 /* BigKeeperMainTests */ = {
			isa = PBXGroup;
			children = (
				8532230A1F70EAC0002B3CD5 /* BigKeeperMainTests.m */,
				8532230C1F70EAC0002B3CD5 /* Info.plist */,
			);
			path = BigKeeperMainTests;
			sourceTree = "<group>";
		};
		853223141F70EAC0002B3CD5 /* BigKeeperMainUITests */ = {
			isa = PBXGroup;
			children = (
				853223151F70EAC0002B3CD5 /* BigKeeperMainUITests.m */,
				853223171F70EAC0002B3CD5 /* Info.plist */,
			);
			path = BigKeeperMainUITests;
			sourceTree = "<group>";
		};
/* End PBXGroup section */

/* Begin PBXNativeTarget section */
		853222EC1F70EAC0002B3CD5 /* BigKeeperMain */ = {
			isa = PBXNativeTarget;
			buildConfigurationList = 8532231A1F70EAC0002B3CD5 /* Build configuration list for PBXNativeTarget "BigKeeperMain" */;
			buildPhases = (
				853222E91F70EAC0002B3CD5 /* Sources */,
				853222EA1F70EAC0002B3CD5 /* Frameworks */,
				853222EB1F70EAC0002B3CD5 /* Resources */,
			);
			buildRules = (
			);
			dependencies = (
			);
			name = BigKeeperMain;
			productName = BigKeeperMain;
			productReference = 853222ED1F70EAC0002B3CD5 /* BigKeeperMain.app */;
			productType = "com.apple.product-type.application";
		};
		853223051F70EAC0002B3CD5 /* BigKeeperMainTests */ = {
			isa = PBXNativeTarget;
			buildConfigurationList = 8532231D1F70EAC0002B3CD5 /* Build configuration list for PBXNativeTarget "BigKeeperMainTests" */;
			buildPhases = (
				853223021F70EAC0002B3CD5 /* Sources */,
				853223031F70EAC0002B3CD5 /* Frameworks */,
				853223041F70EAC0002B3CD5 /* Resources */,
			);
			buildRules = (
			);
			dependencies = (
				853223081F70EAC0002B3CD5 /* PBXTargetDependency */,
			);
			name = BigKeeperMainTests;
			productName = BigKeeperMainTests;
			productReference = 853223061F70EAC0002B3CD5 /* BigKeeperMainTests.xctest */;
			productType = "com.apple.product-type.bundle.unit-test";
		};
		853223101F70EAC0002B3CD5 /* BigKeeperMainUITests */ = {
			isa = PBXNativeTarget;
			buildConfigurationList = 853223201F70EAC0002B3CD5 /* Build configuration list for PBXNativeTarget "BigKeeperMainUITests" */;
			buildPhases = (
				8532230D1F70EAC0002B3CD5 /* Sources */,
				8532230E1F70EAC0002B3CD5 /* Frameworks */,
				8532230F1F70EAC0002B3CD5 /* Resources */,
			);
			buildRules = (
			);
			dependencies = (
				853223131F70EAC0002B3CD5 /* PBXTargetDependency */,
			);
			name = BigKeeperMainUITests;
			productName = BigKeeperMainUITests;
			productReference = 853223111F70EAC0002B3CD5 /* BigKeeperMainUITests.xctest */;
			productType = "com.apple.product-type.bundle.ui-testing";
		};
/* End PBXNativeTarget section */

/* Begin PBXProject section */
		853222E51F70EAC0002B3CD5 /* Project object */ = {
			isa = PBXProject;
			attributes = {
				LastUpgradeCheck = 0830;
				ORGANIZATIONNAME = mmoaay;
				TargetAttributes = {
					853222EC1F70EAC0002B3CD5 = {
						CreatedOnToolsVersion = 8.3.1;
						ProvisioningStyle = Automatic;
					};
					853223051F70EAC0002B3CD5 = {
						CreatedOnToolsVersion = 8.3.1;
						ProvisioningStyle = Automatic;
						TestTargetID = 853222EC1F70EAC0002B3CD5;
					};
					853223101F70EAC0002B3CD5 = {
						CreatedOnToolsVersion = 8.3.1;
						ProvisioningStyle = Automatic;
						TestTargetID = 853222EC1F70EAC0002B3CD5;
					};
				};
			};
			buildConfigurationList = 853222E81F70EAC0002B3CD5 /* Build configuration list for PBXProject "BigKeeperMain" */;
			compatibilityVersion = "Xcode 3.2";
			developmentRegion = English;
			hasScannedForEncodings = 0;
			knownRegions = (
				en,
				Base,
			);
			mainGroup = 853222E41F70EAC0002B3CD5;
			productRefGroup = 853222EE1F70EAC0002B3CD5 /* Products */;
			projectDirPath = "";
			projectRoot = "";
			targets = (
				853222EC1F70EAC0002B3CD5 /* BigKeeperMain */,
				853223051F70EAC0002B3CD5 /* BigKeeperMainTests */,
				853223101F70EAC0002B3CD5 /* BigKeeperMainUITests */,
			);
		};
/* End PBXProject section */

/* Begin PBXResourcesBuildPhase section */
		853222EB1F70EAC0002B3CD5 /* Resources */ = {
			isa = PBXResourcesBuildPhase;
			buildActionMask = 2147483647;
			files = (
				853223001F70EAC0002B3CD5 /* LaunchScreen.storyboard in Resources */,
				853222FD1F70EAC0002B3CD5 /* Assets.xcassets in Resources */,
				853222FB1F70EAC0002B3CD5 /* Main.storyboard in Resources */,
			);
			runOnlyForDeploymentPostprocessing = 0;
		};
		853223041F70EAC0002B3CD5 /* Resources */ = {
			isa = PBXResourcesBuildPhase;
			buildActionMask = 2147483647;
			files = (
			);
			runOnlyForDeploymentPostprocessing = 0;
		};
		8532230F1F70EAC0002B3CD5 /* Resources */ = {
			isa = PBXResourcesBuildPhase;
			buildActionMask = 2147483647;
			files = (
			);
			runOnlyForDeploymentPostprocessing = 0;
		};
/* End PBXResourcesBuildPhase section */

/* Begin PBXSourcesBuildPhase section */
		853222E91F70EAC0002B3CD5 /* Sources */ = {
			isa = PBXSourcesBuildPhase;
			buildActionMask = 2147483647;
			files = (
				853222F81F70EAC0002B3CD5 /* ViewController.m in Sources */,
				853222F51F70EAC0002B3CD5 /* AppDelegate.m in Sources */,
				853222F21F70EAC0002B3CD5 /* main.m in Sources */,
			);
			runOnlyForDeploymentPostprocessing = 0;
		};
		853223021F70EAC0002B3CD5 /* Sources */ = {
			isa = PBXSourcesBuildPhase;
			buildActionMask = 2147483647;
			files = (
				8532230B1F70EAC0002B3CD5 /* BigKeeperMainTests.m in Sources */,
			);
			runOnlyForDeploymentPostprocessing = 0;
		};
		8532230D1F70EAC0002B3CD5 /* Sources */ = {
			isa = PBXSourcesBuildPhase;
			buildActionMask = 2147483647;
			files = (
				853223161F70EAC0002B3CD5 /* BigKeeperMainUITests.m in Sources */,
			);
			runOnlyForDeploymentPostprocessing = 0;
		};
/* End PBXSourcesBuildPhase section */

/* Begin PBXTargetDependency section */
		853223081F70EAC0002B3CD5 /* PBXTargetDependency */ = {
			isa = PBXTargetDependency;
			target = 853222EC1F70EAC0002B3CD5 /* BigKeeperMain */;
			targetProxy = 853223071F70EAC0002B3CD5 /* PBXContainerItemProxy */;
		};
		853223131F70EAC0002B3CD5 /* PBXTargetDependency */ = {
			isa = PBXTargetDependency;
			target = 853222EC1F70EAC0002B3CD5 /* BigKeeperMain */;
			targetProxy = 853223121F70EAC0002B3CD5 /* PBXContainerItemProxy */;
		};
/* End PBXTargetDependency section */

/* Begin PBXVariantGroup section */
		853222F91F70EAC0002B3CD5 /* Main.storyboard */ = {
			isa = PBXVariantGroup;
			children = (
				853222FA1F70EAC0002B3CD5 /* Base */,
			);
			name = Main.storyboard;
			sourceTree = "<group>";
		};
		853222FE1F70EAC0002B3CD5 /* LaunchScreen.storyboard */ = {
			isa = PBXVariantGroup;
			children = (
				853222FF1F70EAC0002B3CD5 /* Base */,
			);
			name = LaunchScreen.storyboard;
			sourceTree = "<group>";
		};
/* End PBXVariantGroup section */

/* Begin XCBuildConfiguration section */
		853223181F70EAC0002B3CD5 /* Debug */ = {
			isa = XCBuildConfiguration;
			buildSettings = {
				ALWAYS_SEARCH_USER_PATHS = NO;
				CLANG_ANALYZER_NONNULL = YES;
				CLANG_ANALYZER_NUMBER_OBJECT_CONVERSION = YES_AGGRESSIVE;
				CLANG_CXX_LANGUAGE_STANDARD = "gnu++0x";
				CLANG_CXX_LIBRARY = "libc++";
				CLANG_ENABLE_MODULES = YES;
				CLANG_ENABLE_OBJC_ARC = YES;
				CLANG_WARN_BOOL_CONVERSION = YES;
				CLANG_WARN_CONSTANT_CONVERSION = YES;
				CLANG_WARN_DIRECT_OBJC_ISA_USAGE = YES_ERROR;
				CLANG_WARN_DOCUMENTATION_COMMENTS = YES;
				CLANG_WARN_EMPTY_BODY = YES;
				CLANG_WARN_ENUM_CONVERSION = YES;
				CLANG_WARN_INFINITE_RECURSION = YES;
				CLANG_WARN_INT_CONVERSION = YES;
				CLANG_WARN_OBJC_ROOT_CLASS = YES_ERROR;
				CLANG_WARN_SUSPICIOUS_MOVE = YES;
				CLANG_WARN_UNREACHABLE_CODE = YES;
				CLANG_WARN__DUPLICATE_METHOD_MATCH = YES;
				"CODE_SIGN_IDENTITY[sdk=iphoneos*]" = "iPhone Developer";
				COPY_PHASE_STRIP = NO;
				DEBUG_INFORMATION_FORMAT = dwarf;
				ENABLE_STRICT_OBJC_MSGSEND = YES;
				ENABLE_TESTABILITY = YES;
				GCC_C_LANGUAGE_STANDARD = gnu99;
				GCC_DYNAMIC_NO_PIC = NO;
				GCC_NO_COMMON_BLOCKS = YES;
				GCC_OPTIMIZATION_LEVEL = 0;
				GCC_PREPROCESSOR_DEFINITIONS = (
					"DEBUG=1",
					"$(inherited)",
				);
				GCC_WARN_64_TO_32_BIT_CONVERSION = YES;
				GCC_WARN_ABOUT_RETURN_TYPE = YES_ERROR;
				GCC_WARN_UNDECLARED_SELECTOR = YES;
				GCC_WARN_UNINITIALIZED_AUTOS = YES_AGGRESSIVE;
				GCC_WARN_UNUSED_FUNCTION = YES;
				GCC_WARN_UNUSED_VARIABLE = YES;
				IPHONEOS_DEPLOYMENT_TARGET = 10.3;
				MTL_ENABLE_DEBUG_INFO = YES;
				ONLY_ACTIVE_ARCH = YES;
				SDKROOT = iphoneos;
				TARGETED_DEVICE_FAMILY = "1,2";
			};
			name = Debug;
		};
		853223191F70EAC0002B3CD5 /* Release */ = {
			isa = XCBuildConfiguration;
			buildSettings = {
				ALWAYS_SEARCH_USER_PATHS = NO;
				CLANG_ANALYZER_NONNULL = YES;
				CLANG_ANALYZER_NUMBER_OBJECT_CONVERSION = YES_AGGRESSIVE;
				CLANG_CXX_LANGUAGE_STANDARD = "gnu++0x";
				CLANG_CXX_LIBRARY = "libc++";
				CLANG_ENABLE_MODULES = YES;
				CLANG_ENABLE_OBJC_ARC = YES;
				CLANG_WARN_BOOL_CONVERSION = YES;
				CLANG_WARN_CONSTANT_CONVERSION = YES;
				CLANG_WARN_DIRECT_OBJC_ISA_USAGE = YES_ERROR;
				CLANG_WARN_DOCUMENTATION_COMMENTS = YES;
				CLANG_WARN_EMPTY_BODY = YES;
				CLANG_WARN_ENUM_CONVERSION = YES;
				CLANG_WARN_INFINITE_RECURSION = YES;
				CLANG_WARN_INT_CONVERSION = YES;
				CLANG_WARN_OBJC_ROOT_CLASS = YES_ERROR;
				CLANG_WARN_SUSPICIOUS_MOVE = YES;
				CLANG_WARN_UNREACHABLE_CODE = YES;
				CLANG_WARN__DUPLICATE_METHOD_MATCH = YES;
				"CODE_SIGN_IDENTITY[sdk=iphoneos*]" = "iPhone Developer";
				COPY_PHASE_STRIP = NO;
				DEBUG_INFORMATION_FORMAT = "dwarf-with-dsym";
				ENABLE_NS_ASSERTIONS = NO;
				ENABLE_STRICT_OBJC_MSGSEND = YES;
				GCC_C_LANGUAGE_STANDARD = gnu99;
				GCC_NO_COMMON_BLOCKS = YES;
				GCC_WARN_64_TO_32_BIT_CONVERSION = YES;
				GCC_WARN_ABOUT_RETURN_TYPE = YES_ERROR;
				GCC_WARN_UNDECLARED_SELECTOR = YES;
				GCC_WARN_UNINITIALIZED_AUTOS = YES_AGGRESSIVE;
				GCC_WARN_UNUSED_FUNCTION = YES;
				GCC_WARN_UNUSED_VARIABLE = YES;
				IPHONEOS_DEPLOYMENT_TARGET = 10.3;
				MTL_ENABLE_DEBUG_INFO = NO;
				SDKROOT = iphoneos;
				TARGETED_DEVICE_FAMILY = "1,2";
				VALIDATE_PRODUCT = YES;
			};
			name = Release;
		};
		8532231B1F70EAC0002B3CD5 /* Debug */ = {
			isa = XCBuildConfiguration;
			buildSettings = {
				ASSETCATALOG_COMPILER_APPICON_NAME = AppIcon;
				INFOPLIST_FILE = BigKeeperMain/Info.plist;
				LD_RUNPATH_SEARCH_PATHS = "$(inherited) @executable_path/Frameworks";
				PRODUCT_BUNDLE_IDENTIFIER = com.mmoaay.BigKeeperMain;
				PRODUCT_NAME = "$(TARGET_NAME)";
			};
			name = Debug;
		};
		8532231C1F70EAC0002B3CD5 /* Release */ = {
			isa = XCBuildConfiguration;
			buildSettings = {
				ASSETCATALOG_COMPILER_APPICON_NAME = AppIcon;
				INFOPLIST_FILE = BigKeeperMain/Info.plist;
				LD_RUNPATH_SEARCH_PATHS = "$(inherited) @executable_path/Frameworks";
				PRODUCT_BUNDLE_IDENTIFIER = com.mmoaay.BigKeeperMain;
				PRODUCT_NAME = "$(TARGET_NAME)";
			};
			name = Release;
		};
		8532231E1F70EAC0002B3CD5 /* Debug */ = {
			isa = XCBuildConfiguration;
			buildSettings = {
				BUNDLE_LOADER = "$(TEST_HOST)";
				INFOPLIST_FILE = BigKeeperMainTests/Info.plist;
				LD_RUNPATH_SEARCH_PATHS = "$(inherited) @executable_path/Frameworks @loader_path/Frameworks";
				PRODUCT_BUNDLE_IDENTIFIER = com.mmoaay.BigKeeperMainTests;
				PRODUCT_NAME = "$(TARGET_NAME)";
				TEST_HOST = "$(BUILT_PRODUCTS_DIR)/BigKeeperMain.app/BigKeeperMain";
			};
			name = Debug;
		};
		8532231F1F70EAC0002B3CD5 /* Release */ = {
			isa = XCBuildConfiguration;
			buildSettings = {
				BUNDLE_LOADER = "$(TEST_HOST)";
				INFOPLIST_FILE = BigKeeperMainTests/Info.plist;
				LD_RUNPATH_SEARCH_PATHS = "$(inherited) @executable_path/Frameworks @loader_path/Frameworks";
				PRODUCT_BUNDLE_IDENTIFIER = com.mmoaay.BigKeeperMainTests;
				PRODUCT_NAME = "$(TARGET_NAME)";
				TEST_HOST = "$(BUILT_PRODUCTS_DIR)/BigKeeperMain.app/BigKeeperMain";
			};
			name = Release;
		};
		853223211F70EAC0002B3CD5 /* Debug */ = {
			isa = XCBuildConfiguration;
			buildSettings = {
				INFOPLIST_FILE = BigKeeperMainUITests/Info.plist;
				LD_RUNPATH_SEARCH_PATHS = "$(inherited) @executable_path/Frameworks @loader_path/Frameworks";
				PRODUCT_BUNDLE_IDENTIFIER = com.mmoaay.BigKeeperMainUITests;
				PRODUCT_NAME = "$(TARGET_NAME)";
				TEST_TARGET_NAME = BigKeeperMain;
			};
			name = Debug;
		};
		853223221F70EAC0002B3CD5 /* Release */ = {
			isa = XCBuildConfiguration;
			buildSettings = {
				INFOPLIST_FILE = BigKeeperMainUITests/Info.plist;
				LD_RUNPATH_SEARCH_PATHS = "$(inherited) @executable_path/Frameworks @loader_path/Frameworks";
				PRODUCT_BUNDLE_IDENTIFIER = com.mmoaay.BigKeeperMainUITests;
				PRODUCT_NAME = "$(TARGET_NAME)";
				TEST_TARGET_NAME = BigKeeperMain;
			};
			name = Release;
		};
/* End XCBuildConfiguration section */

/* Begin XCConfigurationList section */
		853222E81F70EAC0002B3CD5 /* Build configuration list for PBXProject "BigKeeperMain" */ = {
			isa = XCConfigurationList;
			buildConfigurations = (
				853223181F70EAC0002B3CD5 /* Debug */,
				853223191F70EAC0002B3CD5 /* Release */,
			);
			defaultConfigurationIsVisible = 0;
			defaultConfigurationName = Release;
		};
		8532231A1F70EAC0002B3CD5 /* Build configuration list for PBXNativeTarget "BigKeeperMain" */ = {
			isa = XCConfigurationList;
			buildConfigurations = (
				8532231B1F70EAC0002B3CD5 /* Debug */,
				8532231C1F70EAC0002B3CD5 /* Release */,
			);
			defaultConfigurationIsVisible = 0;
		};
		8532231D1F70EAC0002B3CD5 /* Build configuration list for PBXNativeTarget "BigKeeperMainTests" */ = {
			isa = XCConfigurationList;
			buildConfigurations = (
				8532231E1F70EAC0002B3CD5 /* Debug */,
				8532231F1F70EAC0002B3CD5 /* Release */,
			);
			defaultConfigurationIsVisible = 0;
		};
		853223201F70EAC0002B3CD5 /* Build configuration list for PBXNativeTarget "BigKeeperMainUITests" */ = {
			isa = XCConfigurationList;
			buildConfigurations = (
				853223211F70EAC0002B3CD5 /* Debug */,
				853223221F70EAC0002B3CD5 /* Release */,
			);
			defaultConfigurationIsVisible = 0;
		};
/* End XCConfigurationList section */
	};
	rootObject = 853222E51F70EAC0002B3CD5 /* Project object */;
}
